PODS:
  - Bolts/Tasks (1.8.4)
  - ImagePickerSheetController (0.9.3)
  - Parse (1.14.2):
    - Bolts/Tasks (~> 1.8)
  - Spring (1.0.3)

DEPENDENCIES:
  - ImagePickerSheetController (from `https://github.com/lbrndnr/ImagePickerSheetController.git`, branch `swift3`)
  - Parse
  - Spring (from `https://github.com/MengTo/Spring.git`, branch `swift3`)

EXTERNAL SOURCES:
  ImagePickerSheetController:
    :branch: swift3
    :git: https://github.com/lbrndnr/ImagePickerSheetController.git
  Spring:
    :branch: swift3
    :git: https://github.com/MengTo/Spring.git

CHECKOUT OPTIONS:
  ImagePickerSheetController:
    :commit: e9b6c2ca937135335e9b5252a7792c94ce1497d4
    :git: https://github.com/lbrndnr/ImagePickerSheetController.git
  Spring:
    :commit: 3a9227c6e9157e7b47f5ac1ee5abab2a56b50002
    :git: https://github.com/MengTo/Spring.git

SPEC CHECKSUMS:
  Bolts: 8a7995239dbe724f9cba2248b766d48b7ebdd322
  ImagePickerSheetController: 4789b06940e299431455c61be77fda440883c36c
  Parse: 4335d65f40cb3d43190d723144bbe1afb9c38230
  Spring: 3f02b5dc3308572ef177b3cad0fa7bbc4b0706f7

PODFILE CHECKSUM: fb3f7637d744cc616b72218b9cee31a75dc019da

COCOAPODS: 1.1.0
