// !$*UTF8*$!
{
	archiveVersion = 1;
	classes = {
	};
	objectVersion = 46;
	objects = {

/* Begin PBXBuildFile section */
		1804E8EB1DEB3A8D005A2CF4 /* AppDelegate.swift in Sources */ = {isa = PBXBuildFile; fileRef = 1804E8EA1DEB3A8D005A2CF4 /* AppDelegate.swift */; };
		1804E8F01DEB3A8D005A2CF4 /* Main.storyboard in Resources */ = {isa = PBXBuildFile; fileRef = 1804E8EE1DEB3A8D005A2CF4 /* Main.storyboard */; };
		1804E8F21DEB3A8D005A2CF4 /* Assets.xcassets in Resources */ = {isa = PBXBuildFile; fileRef = 1804E8F11DEB3A8D005A2CF4 /* Assets.xcassets */; };
		1804E8F51DEB3A8D005A2CF4 /* LaunchScreen.storyboard in Resources */ = {isa = PBXBuildFile; fileRef = 1804E8F31DEB3A8D005A2CF4 /* LaunchScreen.storyboard */; };
		1804E8FD1DEB4179005A2CF4 /* User.swift in Sources */ = {isa = PBXBuildFile; fileRef = 1804E8FC1DEB4179005A2CF4 /* User.swift */; };
		1804E8FF1DEB438C005A2CF4 /* Global.swift in Sources */ = {isa = PBXBuildFile; fileRef = 1804E8FE1DEB438C005A2CF4 /* Global.swift */; };
		1804E9021DEB44EE005A2CF4 /* Team.swift in Sources */ = {isa = PBXBuildFile; fileRef = 1804E9011DEB44EE005A2CF4 /* Team.swift */; };
		1804E9041DEB46BF005A2CF4 /* Conversation.swift in Sources */ = {isa = PBXBuildFile; fileRef = 1804E9031DEB46BF005A2CF4 /* Conversation.swift */; };
		1804E9061DEB481D005A2CF4 /* Message.swift in Sources */ = {isa = PBXBuildFile; fileRef = 1804E9051DEB481D005A2CF4 /* Message.swift */; };
		1804E90C1DEB48F1005A2CF4 /* LoginEmailViewController.swift in Sources */ = {isa = PBXBuildFile; fileRef = 1804E9071DEB48F1005A2CF4 /* LoginEmailViewController.swift */; };
		1804E90D1DEB48F1005A2CF4 /* LoginPasswordViewController.swift in Sources */ = {isa = PBXBuildFile; fileRef = 1804E9081DEB48F1005A2CF4 /* LoginPasswordViewController.swift */; };
		1804E90E1DEB48F1005A2CF4 /* SignupEmailViewController.swift in Sources */ = {isa = PBXBuildFile; fileRef = 1804E9091DEB48F1005A2CF4 /* SignupEmailViewController.swift */; };
		1804E90F1DEB48F1005A2CF4 /* SignupPasswordViewController.swift in Sources */ = {isa = PBXBuildFile; fileRef = 1804E90A1DEB48F1005A2CF4 /* SignupPasswordViewController.swift */; };
		1804E9101DEB48F1005A2CF4 /* SignupProfileViewController.swift in Sources */ = {isa = PBXBuildFile; fileRef = 1804E90B1DEB48F1005A2CF4 /* SignupProfileViewController.swift */; };
		1804E9161DEB4C9F005A2CF4 /* CreateNewTeamViewController.swift in Sources */ = {isa = PBXBuildFile; fileRef = 1804E9151DEB4C9F005A2CF4 /* CreateNewTeamViewController.swift */; };
		1804E9191DEB592F005A2CF4 /* RecentsTableViewController.swift in Sources */ = {isa = PBXBuildFile; fileRef = 1804E9181DEB592F005A2CF4 /* RecentsTableViewController.swift */; };
		1804E91C1DEB5AFE005A2CF4 /* WelcomeViewController.swift in Sources */ = {isa = PBXBuildFile; fileRef = 1804E91B1DEB5AFE005A2CF4 /* WelcomeViewController.swift */; };
		1804E91E1DEB5DFE005A2CF4 /* JoinTeamViewController.swift in Sources */ = {isa = PBXBuildFile; fileRef = 1804E91D1DEB5DFE005A2CF4 /* JoinTeamViewController.swift */; };
		1804E9211DEB6672005A2CF4 /* ContactsTableViewController.swift in Sources */ = {isa = PBXBuildFile; fileRef = 1804E9201DEB6672005A2CF4 /* ContactsTableViewController.swift */; };
		1804E9231DEB66D0005A2CF4 /* ContactTableViewCell.swift in Sources */ = {isa = PBXBuildFile; fileRef = 1804E9221DEB66D0005A2CF4 /* ContactTableViewCell.swift */; };
		1804E9261DEB6EEF005A2CF4 /* MessagesViewController.swift in Sources */ = {isa = PBXBuildFile; fileRef = 1804E9251DEB6EEF005A2CF4 /* MessagesViewController.swift */; };
		806E6641B612C556EC3F5769 /* Pods_Teams.framework in Frameworks */ = {isa = PBXBuildFile; fileRef = 6631E569A00249E5FF70B67E /* Pods_Teams.framework */; };
/* End PBXBuildFile section */

/* Begin PBXFileReference section */
		1804E8E71DEB3A8D005A2CF4 /* Teams.app */ = {isa = PBXFileReference; explicitFileType = wrapper.application; includeInIndex = 0; path = Teams.app; sourceTree = BUILT_PRODUCTS_DIR; };
		1804E8EA1DEB3A8D005A2CF4 /* AppDelegate.swift */ = {isa = PBXFileReference; lastKnownFileType = sourcecode.swift; path = AppDelegate.swift; sourceTree = "<group>"; };
		1804E8EF1DEB3A8D005A2CF4 /* Base */ = {isa = PBXFileReference; lastKnownFileType = file.storyboard; name = Base; path = Base.lproj/Main.storyboard; sourceTree = "<group>"; };
		1804E8F11DEB3A8D005A2CF4 /* Assets.xcassets */ = {isa = PBXFileReference; lastKnownFileType = folder.assetcatalog; path = Assets.xcassets; sourceTree = "<group>"; };
		1804E8F41DEB3A8D005A2CF4 /* Base */ = {isa = PBXFileReference; lastKnownFileType = file.storyboard; name = Base; path = Base.lproj/LaunchScreen.storyboard; sourceTree = "<group>"; };
		1804E8F61DEB3A8D005A2CF4 /* Info.plist */ = {isa = PBXFileReference; lastKnownFileType = text.plist.xml; path = Info.plist; sourceTree = "<group>"; };
		1804E8FC1DEB4179005A2CF4 /* User.swift */ = {isa = PBXFileReference; fileEncoding = 4; lastKnownFileType = sourcecode.swift; path = User.swift; sourceTree = "<group>"; };
		1804E8FE1DEB438C005A2CF4 /* Global.swift */ = {isa = PBXFileReference; fileEncoding = 4; lastKnownFileType = sourcecode.swift; path = Global.swift; sourceTree = "<group>"; };
		1804E9011DEB44EE005A2CF4 /* Team.swift */ = {isa = PBXFileReference; fileEncoding = 4; lastKnownFileType = sourcecode.swift; path = Team.swift; sourceTree = "<group>"; };
		1804E9031DEB46BF005A2CF4 /* Conversation.swift */ = {isa = PBXFileReference; fileEncoding = 4; lastKnownFileType = sourcecode.swift; path = Conversation.swift; sourceTree = "<group>"; };
		1804E9051DEB481D005A2CF4 /* Message.swift */ = {isa = PBXFileReference; fileEncoding = 4; lastKnownFileType = sourcecode.swift; path = Message.swift; sourceTree = "<group>"; };
		1804E9071DEB48F1005A2CF4 /* LoginEmailViewController.swift */ = {isa = PBXFileReference; fileEncoding = 4; lastKnownFileType = sourcecode.swift; path = LoginEmailViewController.swift; sourceTree = "<group>"; };
		1804E9081DEB48F1005A2CF4 /* LoginPasswordViewController.swift */ = {isa = PBXFileReference; fileEncoding = 4; lastKnownFileType = sourcecode.swift; path = LoginPasswordViewController.swift; sourceTree = "<group>"; };
		1804E9091DEB48F1005A2CF4 /* SignupEmailViewController.swift */ = {isa = PBXFileReference; fileEncoding = 4; lastKnownFileType = sourcecode.swift; path = SignupEmailViewController.swift; sourceTree = "<group>"; };
		1804E90A1DEB48F1005A2CF4 /* SignupPasswordViewController.swift */ = {isa = PBXFileReference; fileEncoding = 4; lastKnownFileType = sourcecode.swift; path = SignupPasswordViewController.swift; sourceTree = "<group>"; };
		1804E90B1DEB48F1005A2CF4 /* SignupProfileViewController.swift */ = {isa = PBXFileReference; fileEncoding = 4; lastKnownFileType = sourcecode.swift; path = SignupProfileViewController.swift; sourceTree = "<group>"; };
		1804E9151DEB4C9F005A2CF4 /* CreateNewTeamViewController.swift */ = {isa = PBXFileReference; fileEncoding = 4; lastKnownFileType = sourcecode.swift; path = CreateNewTeamViewController.swift; sourceTree = "<group>"; };
		1804E9181DEB592F005A2CF4 /* RecentsTableViewController.swift */ = {isa = PBXFileReference; fileEncoding = 4; lastKnownFileType = sourcecode.swift; path = RecentsTableViewController.swift; sourceTree = "<group>"; };
		1804E91B1DEB5AFE005A2CF4 /* WelcomeViewController.swift */ = {isa = PBXFileReference; fileEncoding = 4; lastKnownFileType = sourcecode.swift; path = WelcomeViewController.swift; sourceTree = "<group>"; };
		1804E91D1DEB5DFE005A2CF4 /* JoinTeamViewController.swift */ = {isa = PBXFileReference; fileEncoding = 4; lastKnownFileType = sourcecode.swift; path = JoinTeamViewController.swift; sourceTree = "<group>"; };
		1804E91F1DEB5EF4005A2CF4 /* Teams.entitlements */ = {isa = PBXFileReference; lastKnownFileType = text.plist.entitlements; path = Teams.entitlements; sourceTree = "<group>"; };
		1804E9201DEB6672005A2CF4 /* ContactsTableViewController.swift */ = {isa = PBXFileReference; fileEncoding = 4; lastKnownFileType = sourcecode.swift; path = ContactsTableViewController.swift; sourceTree = "<group>"; };
		1804E9221DEB66D0005A2CF4 /* ContactTableViewCell.swift */ = {isa = PBXFileReference; fileEncoding = 4; lastKnownFileType = sourcecode.swift; path = ContactTableViewCell.swift; sourceTree = "<group>"; };
		1804E9251DEB6EEF005A2CF4 /* MessagesViewController.swift */ = {isa = PBXFileReference; fileEncoding = 4; lastKnownFileType = sourcecode.swift; path = MessagesViewController.swift; sourceTree = "<group>"; };
		54FEB0CB9DED71B40FED2DA8 /* Pods-Teams.debug.xcconfig */ = {isa = PBXFileReference; includeInIndex = 1; lastKnownFileType = text.xcconfig; name = "Pods-Teams.debug.xcconfig"; path = "Pods/Target Support Files/Pods-Teams/Pods-Teams.debug.xcconfig"; sourceTree = "<group>"; };
		6631E569A00249E5FF70B67E /* Pods_Teams.framework */ = {isa = PBXFileReference; explicitFileType = wrapper.framework; includeInIndex = 0; path = Pods_Teams.framework; sourceTree = BUILT_PRODUCTS_DIR; };
		DD06544AEB1E7242CC0C73DD /* Pods-Teams.release.xcconfig */ = {isa = PBXFileReference; includeInIndex = 1; lastKnownFileType = text.xcconfig; name = "Pods-Teams.release.xcconfig"; path = "Pods/Target Support Files/Pods-Teams/Pods-Teams.release.xcconfig"; sourceTree = "<group>"; };
/* End PBXFileReference section */

/* Begin PBXFrameworksBuildPhase section */
		1804E8E41DEB3A8D005A2CF4 /* Frameworks */ = {
			isa = PBXFrameworksBuildPhase;
			buildActionMask = 2147483647;
			files = (
				806E6641B612C556EC3F5769 /* Pods_Teams.framework in Frameworks */,
			);
			runOnlyForDeploymentPostprocessing = 0;
		};
/* End PBXFrameworksBuildPhase section */

/* Begin PBXGroup section */
		131187B39C5FA72610CEC67F /* Pods */ = {
			isa = PBXGroup;
			children = (
				54FEB0CB9DED71B40FED2DA8 /* Pods-Teams.debug.xcconfig */,
				DD06544AEB1E7242CC0C73DD /* Pods-Teams.release.xcconfig */,
			);
			name = Pods;
			sourceTree = "<group>";
		};
		1804E8DE1DEB3A8D005A2CF4 = {
			isa = PBXGroup;
			children = (
				1804E8E91DEB3A8D005A2CF4 /* Teams */,
				1804E8E81DEB3A8D005A2CF4 /* Products */,
				131187B39C5FA72610CEC67F /* Pods */,
				A61E963B9D51B419472BC394 /* Frameworks */,
			);
			sourceTree = "<group>";
		};
		1804E8E81DEB3A8D005A2CF4 /* Products */ = {
			isa = PBXGroup;
			children = (
				1804E8E71DEB3A8D005A2CF4 /* Teams.app */,
			);
			name = Products;
			sourceTree = "<group>";
		};
		1804E8E91DEB3A8D005A2CF4 /* Teams */ = {
			isa = PBXGroup;
			children = (
				1804E91F1DEB5EF4005A2CF4 /* Teams.entitlements */,
				1804E8EA1DEB3A8D005A2CF4 /* AppDelegate.swift */,
				1804E91B1DEB5AFE005A2CF4 /* WelcomeViewController.swift */,
				1804E9111DEB48F7005A2CF4 /* Login */,
				1804E9121DEB48FB005A2CF4 /* Signup */,
				1804E9171DEB4D29005A2CF4 /* Join and Create Team */,
				1804E91A1DEB5932005A2CF4 /* Recents Tab */,
				1804E9241DEB66D3005A2CF4 /* Contacts Tab */,
				1804E9001DEB444A005A2CF4 /* Model */,
				1804E8EE1DEB3A8D005A2CF4 /* Main.storyboard */,
				1804E9251DEB6EEF005A2CF4 /* MessagesViewController.swift */,
				1804E8F11DEB3A8D005A2CF4 /* Assets.xcassets */,
				1804E8F31DEB3A8D005A2CF4 /* LaunchScreen.storyboard */,
				1804E8F61DEB3A8D005A2CF4 /* Info.plist */,
			);
			path = Teams;
			sourceTree = "<group>";
		};
		1804E9001DEB444A005A2CF4 /* Model */ = {
			isa = PBXGroup;
			children = (
				1804E8FC1DEB4179005A2CF4 /* User.swift */,
				1804E8FE1DEB438C005A2CF4 /* Global.swift */,
				1804E9011DEB44EE005A2CF4 /* Team.swift */,
				1804E9031DEB46BF005A2CF4 /* Conversation.swift */,
				1804E9051DEB481D005A2CF4 /* Message.swift */,
			);
			name = Model;
			sourceTree = "<group>";
		};
		1804E9111DEB48F7005A2CF4 /* Login */ = {
			isa = PBXGroup;
			children = (
				1804E9071DEB48F1005A2CF4 /* LoginEmailViewController.swift */,
				1804E9081DEB48F1005A2CF4 /* LoginPasswordViewController.swift */,
			);
			name = Login;
			sourceTree = "<group>";
		};
		1804E9121DEB48FB005A2CF4 /* Signup */ = {
			isa = PBXGroup;
			children = (
				1804E9091DEB48F1005A2CF4 /* SignupEmailViewController.swift */,
				1804E90A1DEB48F1005A2CF4 /* SignupPasswordViewController.swift */,
				1804E90B1DEB48F1005A2CF4 /* SignupProfileViewController.swift */,
			);
			name = Signup;
			sourceTree = "<group>";
		};
		1804E9171DEB4D29005A2CF4 /* Join and Create Team */ = {
			isa = PBXGroup;
			children = (
				1804E9151DEB4C9F005A2CF4 /* CreateNewTeamViewController.swift */,
				1804E91D1DEB5DFE005A2CF4 /* JoinTeamViewController.swift */,
			);
			name = "Join and Create Team";
			sourceTree = "<group>";
		};
		1804E91A1DEB5932005A2CF4 /* Recents Tab */ = {
			isa = PBXGroup;
			children = (
				1804E9181DEB592F005A2CF4 /* RecentsTableViewController.swift */,
			);
			name = "Recents Tab";
			sourceTree = "<group>";
		};
		1804E9241DEB66D3005A2CF4 /* Contacts Tab */ = {
			isa = PBXGroup;
			children = (
				1804E9201DEB6672005A2CF4 /* ContactsTableViewController.swift */,
				1804E9221DEB66D0005A2CF4 /* ContactTableViewCell.swift */,
			);
			name = "Contacts Tab";
			sourceTree = "<group>";
		};
		A61E963B9D51B419472BC394 /* Frameworks */ = {
			isa = PBXGroup;
			children = (
				6631E569A00249E5FF70B67E /* Pods_Teams.framework */,
			);
			name = Frameworks;
			sourceTree = "<group>";
		};
/* End PBXGroup section */

/* Begin PBXNativeTarget section */
		1804E8E61DEB3A8D005A2CF4 /* Teams */ = {
			isa = PBXNativeTarget;
			buildConfigurationList = 1804E8F91DEB3A8D005A2CF4 /* Build configuration list for PBXNativeTarget "Teams" */;
			buildPhases = (
				432F6B99A6BCA9EDC32E9A1A /* [CP] Check Pods Manifest.lock */,
				1804E8E31DEB3A8D005A2CF4 /* Sources */,
				1804E8E41DEB3A8D005A2CF4 /* Frameworks */,
				1804E8E51DEB3A8D005A2CF4 /* Resources */,
				F48374969092314DF21DFE73 /* [CP] Embed Pods Frameworks */,
				C8109C2D8ABABAC082D8E44F /* [CP] Copy Pods Resources */,
			);
			buildRules = (
			);
			dependencies = (
			);
			name = Teams;
			productName = Teams;
			productReference = 1804E8E71DEB3A8D005A2CF4 /* Teams.app */;
			productType = "com.apple.product-type.application";
		};
/* End PBXNativeTarget section */

/* Begin PBXProject section */
		1804E8DF1DEB3A8D005A2CF4 /* Project object */ = {
			isa = PBXProject;
			attributes = {
				LastSwiftUpdateCheck = 0810;
				LastUpgradeCheck = 0810;
				ORGANIZATIONNAME = "Anton Novoselov";
				TargetAttributes = {
					1804E8E61DEB3A8D005A2CF4 = {
						CreatedOnToolsVersion = 8.1;
						DevelopmentTeam = 358V8FBM3U;
						ProvisioningStyle = Automatic;
						SystemCapabilities = {
							com.apple.Keychain = {
								enabled = 1;
							};
						};
					};
				};
			};
			buildConfigurationList = 1804E8E21DEB3A8D005A2CF4 /* Build configuration list for PBXProject "Teams" */;
			compatibilityVersion = "Xcode 3.2";
			developmentRegion = English;
			hasScannedForEncodings = 0;
			knownRegions = (
				en,
				Base,
			);
			mainGroup = 1804E8DE1DEB3A8D005A2CF4;
			productRefGroup = 1804E8E81DEB3A8D005A2CF4 /* Products */;
			projectDirPath = "";
			projectRoot = "";
			targets = (
				1804E8E61DEB3A8D005A2CF4 /* Teams */,
			);
		};
/* End PBXProject section */

/* Begin PBXResourcesBuildPhase section */
		1804E8E51DEB3A8D005A2CF4 /* Resources */ = {
			isa = PBXResourcesBuildPhase;
			buildActionMask = 2147483647;
			files = (
				1804E8F51DEB3A8D005A2CF4 /* LaunchScreen.storyboard in Resources */,
				1804E8F21DEB3A8D005A2CF4 /* Assets.xcassets in Resources */,
				1804E8F01DEB3A8D005A2CF4 /* Main.storyboard in Resources */,
			);
			runOnlyForDeploymentPostprocessing = 0;
		};
/* End PBXResourcesBuildPhase section */

/* Begin PBXShellScriptBuildPhase section */
		432F6B99A6BCA9EDC32E9A1A /* [CP] Check Pods Manifest.lock */ = {
			isa = PBXShellScriptBuildPhase;
			buildActionMask = 2147483647;
			files = (
			);
			inputPaths = (
			);
			name = "[CP] Check Pods Manifest.lock";
			outputPaths = (
			);
			runOnlyForDeploymentPostprocessing = 0;
			shellPath = /bin/sh;
			shellScript = "diff \"${PODS_ROOT}/../Podfile.lock\" \"${PODS_ROOT}/Manifest.lock\" > /dev/null\nif [ $? != 0 ] ; then\n    # print error to STDERR\n    echo \"error: The sandbox is not in sync with the Podfile.lock. Run 'pod install' or update your CocoaPods installation.\" >&2\n    exit 1\nfi\n";
			showEnvVarsInLog = 0;
		};
		C8109C2D8ABABAC082D8E44F /* [CP] Copy Pods Resources */ = {
			isa = PBXShellScriptBuildPhase;
			buildActionMask = 2147483647;
			files = (
			);
			inputPaths = (
			);
			name = "[CP] Copy Pods Resources";
			outputPaths = (
			);
			runOnlyForDeploymentPostprocessing = 0;
			shellPath = /bin/sh;
			shellScript = "\"${SRCROOT}/Pods/Target Support Files/Pods-Teams/Pods-Teams-resources.sh\"\n";
			showEnvVarsInLog = 0;
		};
		F48374969092314DF21DFE73 /* [CP] Embed Pods Frameworks */ = {
			isa = PBXShellScriptBuildPhase;
			buildActionMask = 2147483647;
			files = (
			);
			inputPaths = (
			);
			name = "[CP] Embed Pods Frameworks";
			outputPaths = (
			);
			runOnlyForDeploymentPostprocessing = 0;
			shellPath = /bin/sh;
			shellScript = "\"${SRCROOT}/Pods/Target Support Files/Pods-Teams/Pods-Teams-frameworks.sh\"\n";
			showEnvVarsInLog = 0;
		};
/* End PBXShellScriptBuildPhase section */

/* Begin PBXSourcesBuildPhase section */
		1804E8E31DEB3A8D005A2CF4 /* Sources */ = {
			isa = PBXSourcesBuildPhase;
			buildActionMask = 2147483647;
			files = (
				1804E9041DEB46BF005A2CF4 /* Conversation.swift in Sources */,
				1804E90D1DEB48F1005A2CF4 /* LoginPasswordViewController.swift in Sources */,
				1804E9161DEB4C9F005A2CF4 /* CreateNewTeamViewController.swift in Sources */,
				1804E9101DEB48F1005A2CF4 /* SignupProfileViewController.swift in Sources */,
				1804E9191DEB592F005A2CF4 /* RecentsTableViewController.swift in Sources */,
				1804E90F1DEB48F1005A2CF4 /* SignupPasswordViewController.swift in Sources */,
				1804E9231DEB66D0005A2CF4 /* ContactTableViewCell.swift in Sources */,
				1804E91C1DEB5AFE005A2CF4 /* WelcomeViewController.swift in Sources */,
				1804E90C1DEB48F1005A2CF4 /* LoginEmailViewController.swift in Sources */,
				1804E8FF1DEB438C005A2CF4 /* Global.swift in Sources */,
				1804E90E1DEB48F1005A2CF4 /* SignupEmailViewController.swift in Sources */,
				1804E9211DEB6672005A2CF4 /* ContactsTableViewController.swift in Sources */,
				1804E9261DEB6EEF005A2CF4 /* MessagesViewController.swift in Sources */,
				1804E8EB1DEB3A8D005A2CF4 /* AppDelegate.swift in Sources */,
				1804E9021DEB44EE005A2CF4 /* Team.swift in Sources */,
				1804E91E1DEB5DFE005A2CF4 /* JoinTeamViewController.swift in Sources */,
				1804E8FD1DEB4179005A2CF4 /* User.swift in Sources */,
				1804E9061DEB481D005A2CF4 /* Message.swift in Sources */,
			);
			runOnlyForDeploymentPostprocessing = 0;
		};
/* End PBXSourcesBuildPhase section */

/* Begin PBXVariantGroup section */
		1804E8EE1DEB3A8D005A2CF4 /* Main.storyboard */ = {
			isa = PBXVariantGroup;
			children = (
				1804E8EF1DEB3A8D005A2CF4 /* Base */,
			);
			name = Main.storyboard;
			sourceTree = "<group>";
		};
		1804E8F31DEB3A8D005A2CF4 /* LaunchScreen.storyboard */ = {
			isa = PBXVariantGroup;
			children = (
				1804E8F41DEB3A8D005A2CF4 /* Base */,
			);
			name = LaunchScreen.storyboard;
			sourceTree = "<group>";
		};
/* End PBXVariantGroup section */

/* Begin XCBuildConfiguration section */
		1804E8F71DEB3A8D005A2CF4 /* Debug */ = {
			isa = XCBuildConfiguration;
			buildSettings = {
				ALWAYS_SEARCH_USER_PATHS = NO;
				CLANG_ANALYZER_NONNULL = YES;
				CLANG_CXX_LANGUAGE_STANDARD = "gnu++0x";
				CLANG_CXX_LIBRARY = "libc++";
				CLANG_ENABLE_MODULES = YES;
				CLANG_ENABLE_OBJC_ARC = YES;
				CLANG_WARN_BOOL_CONVERSION = YES;
				CLANG_WARN_CONSTANT_CONVERSION = YES;
				CLANG_WARN_DIRECT_OBJC_ISA_USAGE = YES_ERROR;
				CLANG_WARN_DOCUMENTATION_COMMENTS = YES;
				CLANG_WARN_EMPTY_BODY = YES;
				CLANG_WARN_ENUM_CONVERSION = YES;
				CLANG_WARN_INFINITE_RECURSION = YES;
				CLANG_WARN_INT_CONVERSION = YES;
				CLANG_WARN_OBJC_ROOT_CLASS = YES_ERROR;
				CLANG_WARN_SUSPICIOUS_MOVES = YES;
				CLANG_WARN_UNREACHABLE_CODE = YES;
				CLANG_WARN__DUPLICATE_METHOD_MATCH = YES;
				"CODE_SIGN_IDENTITY[sdk=iphoneos*]" = "iPhone Developer";
				COPY_PHASE_STRIP = NO;
				DEBUG_INFORMATION_FORMAT = dwarf;
				ENABLE_STRICT_OBJC_MSGSEND = YES;
				ENABLE_TESTABILITY = YES;
				GCC_C_LANGUAGE_STANDARD = gnu99;
				GCC_DYNAMIC_NO_PIC = NO;
				GCC_NO_COMMON_BLOCKS = YES;
				GCC_OPTIMIZATION_LEVEL = 0;
				GCC_PREPROCESSOR_DEFINITIONS = (
					"DEBUG=1",
					"$(inherited)",
				);
				GCC_WARN_64_TO_32_BIT_CONVERSION = YES;
				GCC_WARN_ABOUT_RETURN_TYPE = YES_ERROR;
				GCC_WARN_UNDECLARED_SELECTOR = YES;
				GCC_WARN_UNINITIALIZED_AUTOS = YES_AGGRESSIVE;
				GCC_WARN_UNUSED_FUNCTION = YES;
				GCC_WARN_UNUSED_VARIABLE = YES;
				IPHONEOS_DEPLOYMENT_TARGET = 10.1;
				MTL_ENABLE_DEBUG_INFO = YES;
				ONLY_ACTIVE_ARCH = YES;
				SDKROOT = iphoneos;
				SWIFT_ACTIVE_COMPILATION_CONDITIONS = DEBUG;
				SWIFT_OPTIMIZATION_LEVEL = "-Onone";
				TARGETED_DEVICE_FAMILY = "1,2";
			};
			name = Debug;
		};
		1804E8F81DEB3A8D005A2CF4 /* Release */ = {
			isa = XCBuildConfiguration;
			buildSettings = {
				ALWAYS_SEARCH_USER_PATHS = NO;
				CLANG_ANALYZER_NONNULL = YES;
				CLANG_CXX_LANGUAGE_STANDARD = "gnu++0x";
				CLANG_CXX_LIBRARY = "libc++";
				CLANG_ENABLE_MODULES = YES;
				CLANG_ENABLE_OBJC_ARC = YES;
				CLANG_WARN_BOOL_CONVERSION = YES;
				CLANG_WARN_CONSTANT_CONVERSION = YES;
				CLANG_WARN_DIRECT_OBJC_ISA_USAGE = YES_ERROR;
				CLANG_WARN_DOCUMENTATION_COMMENTS = YES;
				CLANG_WARN_EMPTY_BODY = YES;
				CLANG_WARN_ENUM_CONVERSION = YES;
				CLANG_WARN_INFINITE_RECURSION = YES;
				CLANG_WARN_INT_CONVERSION = YES;
				CLANG_WARN_OBJC_ROOT_CLASS = YES_ERROR;
				CLANG_WARN_SUSPICIOUS_MOVES = YES;
				CLANG_WARN_UNREACHABLE_CODE = YES;
				CLANG_WARN__DUPLICATE_METHOD_MATCH = YES;
				"CODE_SIGN_IDENTITY[sdk=iphoneos*]" = "iPhone Developer";
				COPY_PHASE_STRIP = NO;
				DEBUG_INFORMATION_FORMAT = "dwarf-with-dsym";
				ENABLE_NS_ASSERTIONS = NO;
				ENABLE_STRICT_OBJC_MSGSEND = YES;
				GCC_C_LANGUAGE_STANDARD = gnu99;
				GCC_NO_COMMON_BLOCKS = YES;
				GCC_WARN_64_TO_32_BIT_CONVERSION = YES;
				GCC_WARN_ABOUT_RETURN_TYPE = YES_ERROR;
				GCC_WARN_UNDECLARED_SELECTOR = YES;
				GCC_WARN_UNINITIALIZED_AUTOS = YES_AGGRESSIVE;
				GCC_WARN_UNUSED_FUNCTION = YES;
				GCC_WARN_UNUSED_VARIABLE = YES;
				IPHONEOS_DEPLOYMENT_TARGET = 10.1;
				MTL_ENABLE_DEBUG_INFO = NO;
				SDKROOT = iphoneos;
				SWIFT_OPTIMIZATION_LEVEL = "-Owholemodule";
				TARGETED_DEVICE_FAMILY = "1,2";
				VALIDATE_PRODUCT = YES;
			};
			name = Release;
		};
		1804E8FA1DEB3A8D005A2CF4 /* Debug */ = {
			isa = XCBuildConfiguration;
			baseConfigurationReference = 54FEB0CB9DED71B40FED2DA8 /* Pods-Teams.debug.xcconfig */;
			buildSettings = {
				ASSETCATALOG_COMPILER_APPICON_NAME = AppIcon;
				CODE_SIGN_ENTITLEMENTS = Teams/Teams.entitlements;
				DEVELOPMENT_TEAM = 358V8FBM3U;
				INFOPLIST_FILE = Teams/Info.plist;
				LD_RUNPATH_SEARCH_PATHS = "$(inherited) @executable_path/Frameworks";
				PRODUCT_BUNDLE_IDENTIFIER = com.antonnovoselov.Teams;
				PRODUCT_NAME = "$(TARGET_NAME)";
				SWIFT_VERSION = 3.0;
			};
			name = Debug;
		};
		1804E8FB1DEB3A8D005A2CF4 /* Release */ = {
			isa = XCBuildConfiguration;
			baseConfigurationReference = DD06544AEB1E7242CC0C73DD /* Pods-Teams.release.xcconfig */;
			buildSettings = {
				ASSETCATALOG_COMPILER_APPICON_NAME = AppIcon;
				CODE_SIGN_ENTITLEMENTS = Teams/Teams.entitlements;
				DEVELOPMENT_TEAM = 358V8FBM3U;
				INFOPLIST_FILE = Teams/Info.plist;
				LD_RUNPATH_SEARCH_PATHS = "$(inherited) @executable_path/Frameworks";
				PRODUCT_BUNDLE_IDENTIFIER = com.antonnovoselov.Teams;
				PRODUCT_NAME = "$(TARGET_NAME)";
				SWIFT_VERSION = 3.0;
			};
			name = Release;
		};
/* End XCBuildConfiguration section */

/* Begin XCConfigurationList section */
		1804E8E21DEB3A8D005A2CF4 /* Build configuration list for PBXProject "Teams" */ = {
			isa = XCConfigurationList;
			buildConfigurations = (
				1804E8F71DEB3A8D005A2CF4 /* Debug */,
				1804E8F81DEB3A8D005A2CF4 /* Release */,
			);
			defaultConfigurationIsVisible = 0;
			defaultConfigurationName = Release;
		};
		1804E8F91DEB3A8D005A2CF4 /* Build configuration list for PBXNativeTarget "Teams" */ = {
			isa = XCConfigurationList;
			buildConfigurations = (
				1804E8FA1DEB3A8D005A2CF4 /* Debug */,
				1804E8FB1DEB3A8D005A2CF4 /* Release */,
			);
			defaultConfigurationIsVisible = 0;
			defaultConfigurationName = Release;
		};
/* End XCConfigurationList section */
	};
	rootObject = 1804E8DF1DEB3A8D005A2CF4 /* Project object */;
}
